{
  "name": "snabbdom-valve",
  "version": "0.1.0",
  "lockfileVersion": 1,
  "requires": true,
  "dependencies": {
    "clamp": {
      "version": "1.0.1",
      "resolved": "https://registry.npmjs.org/clamp/-/clamp-1.0.1.tgz",
      "integrity": "sha1-ZqDmQBGBbjcZaCj9yMjBRzEshjQ="
    },
    "howler": {
      "version": "2.2.1",
      "resolved": "https://registry.npmjs.org/howler/-/howler-2.2.1.tgz",
      "integrity": "sha512-0iIXvuBO/81CcrQ/HSSweYmbT50fT2mIc9XMFb+kxIfk2pW/iKzDbX1n3fZmDXMEIpYvyyfrB+gXwPYSDqUxIQ=="
    },
    "hyperscript-attribute-to-property": {
      "version": "1.0.2",
      "resolved": "https://registry.npmjs.org/hyperscript-attribute-to-property/-/hyperscript-attribute-to-property-1.0.2.tgz",
      "integrity": "sha512-oerMul16jZCmrbNsUw8QgrtDzF8lKgFri1bKQjReLw1IhiiNkI59CWuzZjJDGT79UQ1YiWqXhJMv/tRMVqgtkA=="
    },
    "hyperx": {
      "version": "2.5.4",
      "resolved": "https://registry.npmjs.org/hyperx/-/hyperx-2.5.4.tgz",
      "integrity": "sha512-iOkSh7Yse7lsN/B9y7OsevLWjeXPqGuHQ5SbwaiJM5xAhWFqhoN6erpK1dQsS12OFU36lyai1pnx1mmzWLQqcA==",
      "requires": {
        "hyperscript-attribute-to-property": "^1.0.0"
      }
    },
    "resize-observer-polyfill": {
      "version": "1.5.1",
      "resolved": "https://registry.npmjs.org/resize-observer-polyfill/-/resize-observer-polyfill-1.5.1.tgz",
      "integrity": "sha512-LwZrotdHOo12nQuZlHEmtuXdqGoOD0OhaxopaNFxWzInpEgaLWoVuAMbTzixuosCx2nEG58ngzW3vxdWoxIgdg=="
    },
    "snabbdom": {
      "version": "2.1.0",
      "resolved": "https://registry.npmjs.org/snabbdom/-/snabbdom-2.1.0.tgz",
      "integrity": "sha512-3GPeO80A2/bob5ADrkRX8FtvW8kHbJ0aRb4XAN2MIN4bY2dprNJkhp87AgfjWgVhIkwgX9DOsuTLjWwBhMXMkQ=="
    },
    "snabby": {
      "version": "3.0.0",
      "resolved": "https://registry.npmjs.org/snabby/-/snabby-3.0.0.tgz",
      "integrity": "sha512-9YhEpGwSP5wW4REYuVO5clzh7AOc6Lfh72zOVA1aEznd4NffbMtpZJumJUrPVmUle6IR4OhTm8lo/leLY4LOdQ==",
      "requires": {
        "hyperx": "^2.3.0",
        "resize-observer-polyfill": "^1.5.1",
        "snabbdom": "^2.1.0"
      }
    }
  }
}
