{
  "name": "snabbdom-valve",
  "version": "0.4.0",
  "lockfileVersion": 3,
  "requires": true,
  "packages": {
    "": {
      "name": "snabbdom-valve",
      "version": "0.4.0",
      "license": "MIT",
      "dependencies": {
        "clamp": "^1.0.1",
        "howler": "^2.2.1",
        "snabby": "^6.0.0"
      },
      "engines": {
        "node": ">=12.17"
      }
    },
    "node_modules/clamp": {
      "version": "1.0.1",
      "resolved": "https://registry.npmjs.org/clamp/-/clamp-1.0.1.tgz",
      "integrity": "sha512-kgMuFyE78OC6Dyu3Dy7vcx4uy97EIbVxJB/B0eJ3bUNAkwdNcxYzgKltnyADiYwsR7SEqkkUPsEUT//OVS6XMA==",
      "license": "MIT"
    },
    "node_modules/howler": {
      "version": "2.2.4",
      "resolved": "https://registry.npmjs.org/howler/-/howler-2.2.4.tgz",
      "integrity": "sha512-iARIBPgcQrwtEr+tALF+rapJ8qSc+Set2GJQl7xT1MQzWaVkFebdJhR3alVlSiUf5U7nAANKuj3aWpwerocD5w==",
      "license": "MIT"
    },
    "node_modules/hyperscript-attribute-to-property": {
      "version": "1.0.2",
      "resolved": "https://registry.npmjs.org/hyperscript-attribute-to-property/-/hyperscript-attribute-to-property-1.0.2.tgz",
      "integrity": "sha512-oerMul16jZCmrbNsUw8QgrtDzF8lKgFri1bKQjReLw1IhiiNkI59CWuzZjJDGT79UQ1YiWqXhJMv/tRMVqgtkA==",
      "license": "MIT"
    },
    "node_modules/hyperx": {
      "version": "3.0.1",
      "resolved": "https://registry.npmjs.org/hyperx/-/hyperx-3.0.1.tgz",
      "integrity": "sha512-gIqI/O3pgataWKjJTPwe0Uv73DWoaWpFA0iIs8zKWrEo1+eMLuk5XjdwJ7C5ymyF4EdMGpPUwoYCuelHUjOGag==",
      "license": "BSD",
      "dependencies": {
        "hyperscript-attribute-to-property": "^1.0.0"
      }
    },
    "node_modules/is-boolean-attribute": {
      "version": "0.0.1",
      "resolved": "https://registry.npmjs.org/is-boolean-attribute/-/is-boolean-attribute-0.0.1.tgz",
      "integrity": "sha512-0kXT52Scokg2Miscvsn5UVqg6y1691vcLJcagie1YHJB4zOEuAhMERLX992jtvaStGy2xQTqOtJhvmG/MK1T5w==",
      "license": "MIT"
    },
    "node_modules/snabbdom": {
      "version": "3.6.2",
      "resolved": "https://registry.npmjs.org/snabbdom/-/snabbdom-3.6.2.tgz",
      "integrity": "sha512-ig5qOnCDbugFntKi6c7Xlib8bA6xiJVk8O+WdFrV3wxbMqeHO0hXFQC4nAhPVWfZfi8255lcZkNhtIBINCc4+Q==",
      "license": "MIT",
      "engines": {
        "node": ">=12.17.0"
      }
    },
    "node_modules/snabby": {
      "version": "6.1.1",
      "resolved": "https://registry.npmjs.org/snabby/-/snabby-6.1.1.tgz",
      "integrity": "sha512-PF0iHW9TPv0n35ZquImnzw9iQytXHBjT8y6YVL9/BeboguCZmK0kvA8tISVjkuq2JC2HRig80Sgnn58xUcoCNw==",
      "license": "MIT",
      "dependencies": {
        "hyperx": "^3.0.0",
        "is-boolean-attribute": "^0.0.1",
        "snabbdom": "^3.0.3"
      },
      "engines": {
        "node": ">=12.17"
      }
    }
  }
}
