{
  "name": "snabbdom-valve",
  "version": "0.4.0",
  "lockfileVersion": 2,
  "requires": true,
  "packages": {
    "": {
      "version": "0.4.0",
      "license": "MIT",
      "dependencies": {
        "clamp": "^1.0.1",
        "howler": "^2.2.1",
        "snabby": "^4.0.0"
      },
      "engines": {
        "node": ">=12.17"
      }
    },
    "node_modules/clamp": {
      "version": "1.0.1",
      "resolved": "https://registry.npmjs.org/clamp/-/clamp-1.0.1.tgz",
      "integrity": "sha1-ZqDmQBGBbjcZaCj9yMjBRzEshjQ="
    },
    "node_modules/howler": {
      "version": "2.2.1",
      "resolved": "https://registry.npmjs.org/howler/-/howler-2.2.1.tgz",
      "integrity": "sha512-0iIXvuBO/81CcrQ/HSSweYmbT50fT2mIc9XMFb+kxIfk2pW/iKzDbX1n3fZmDXMEIpYvyyfrB+gXwPYSDqUxIQ=="
    },
    "node_modules/hyperscript-attribute-to-property": {
      "version": "1.0.2",
      "resolved": "https://registry.npmjs.org/hyperscript-attribute-to-property/-/hyperscript-attribute-to-property-1.0.2.tgz",
      "integrity": "sha512-oerMul16jZCmrbNsUw8QgrtDzF8lKgFri1bKQjReLw1IhiiNkI59CWuzZjJDGT79UQ1YiWqXhJMv/tRMVqgtkA=="
    },
    "node_modules/hyperx-tmp": {
      "version": "2.5.4",
      "resolved": "https://registry.npmjs.org/hyperx-tmp/-/hyperx-tmp-2.5.4.tgz",
      "integrity": "sha512-oaJV+FvuZfGN1NaRQeFIdd3OYTfjoVO2wh22LCs8K+NN0W8kzbhT9UuvnBSXHudjlBPRHX6coUnXp9J+8V5Elw==",
      "dependencies": {
        "hyperscript-attribute-to-property": "^1.0.0"
      }
    },
    "node_modules/resize-observer-polyfill": {
      "version": "1.5.1",
      "resolved": "https://registry.npmjs.org/resize-observer-polyfill/-/resize-observer-polyfill-1.5.1.tgz",
      "integrity": "sha512-LwZrotdHOo12nQuZlHEmtuXdqGoOD0OhaxopaNFxWzInpEgaLWoVuAMbTzixuosCx2nEG58ngzW3vxdWoxIgdg=="
    },
    "node_modules/snabbdom": {
      "version": "3.0.2",
      "resolved": "https://registry.npmjs.org/snabbdom/-/snabbdom-3.0.2.tgz",
      "integrity": "sha512-R+Qk64+u3MBws8vwDFU+oTr08+4MxSRjV1dPYVRn3lK56NQbMADLUNL2FRMruORs0OKuRQ5N/z3QtF2Nqwa14g==",
      "engines": {
        "node": ">=8.3.0"
      }
    },
    "node_modules/snabby": {
      "version": "4.2.2",
      "resolved": "https://registry.npmjs.org/snabby/-/snabby-4.2.2.tgz",
      "integrity": "sha512-VC/m41DlVL31YuX1I1rqgOlRkFphf55lHvy9VfPIwgSXwX7fF8PJZSZ2kA/8GrzMl8rx5OZDKi+Hw85fWXSnKw==",
      "dependencies": {
        "hyperx-tmp": "^2.5.4",
        "resize-observer-polyfill": "^1.5.1",
        "snabbdom": "^3.0.0"
      },
      "engines": {
        "node": ">=12.17"
      }
    }
  },
  "dependencies": {
    "clamp": {
      "version": "1.0.1",
      "resolved": "https://registry.npmjs.org/clamp/-/clamp-1.0.1.tgz",
      "integrity": "sha1-ZqDmQBGBbjcZaCj9yMjBRzEshjQ="
    },
    "howler": {
      "version": "2.2.1",
      "resolved": "https://registry.npmjs.org/howler/-/howler-2.2.1.tgz",
      "integrity": "sha512-0iIXvuBO/81CcrQ/HSSweYmbT50fT2mIc9XMFb+kxIfk2pW/iKzDbX1n3fZmDXMEIpYvyyfrB+gXwPYSDqUxIQ=="
    },
    "hyperscript-attribute-to-property": {
      "version": "1.0.2",
      "resolved": "https://registry.npmjs.org/hyperscript-attribute-to-property/-/hyperscript-attribute-to-property-1.0.2.tgz",
      "integrity": "sha512-oerMul16jZCmrbNsUw8QgrtDzF8lKgFri1bKQjReLw1IhiiNkI59CWuzZjJDGT79UQ1YiWqXhJMv/tRMVqgtkA=="
    },
    "hyperx-tmp": {
      "version": "2.5.4",
      "resolved": "https://registry.npmjs.org/hyperx-tmp/-/hyperx-tmp-2.5.4.tgz",
      "integrity": "sha512-oaJV+FvuZfGN1NaRQeFIdd3OYTfjoVO2wh22LCs8K+NN0W8kzbhT9UuvnBSXHudjlBPRHX6coUnXp9J+8V5Elw==",
      "requires": {
        "hyperscript-attribute-to-property": "^1.0.0"
      }
    },
    "resize-observer-polyfill": {
      "version": "1.5.1",
      "resolved": "https://registry.npmjs.org/resize-observer-polyfill/-/resize-observer-polyfill-1.5.1.tgz",
      "integrity": "sha512-LwZrotdHOo12nQuZlHEmtuXdqGoOD0OhaxopaNFxWzInpEgaLWoVuAMbTzixuosCx2nEG58ngzW3vxdWoxIgdg=="
    },
    "snabbdom": {
      "version": "3.0.2",
      "resolved": "https://registry.npmjs.org/snabbdom/-/snabbdom-3.0.2.tgz",
      "integrity": "sha512-R+Qk64+u3MBws8vwDFU+oTr08+4MxSRjV1dPYVRn3lK56NQbMADLUNL2FRMruORs0OKuRQ5N/z3QtF2Nqwa14g=="
    },
    "snabby": {
      "version": "4.2.2",
      "resolved": "https://registry.npmjs.org/snabby/-/snabby-4.2.2.tgz",
      "integrity": "sha512-VC/m41DlVL31YuX1I1rqgOlRkFphf55lHvy9VfPIwgSXwX7fF8PJZSZ2kA/8GrzMl8rx5OZDKi+Hw85fWXSnKw==",
      "requires": {
        "hyperx-tmp": "^2.5.4",
        "resize-observer-polyfill": "^1.5.1",
        "snabbdom": "^3.0.0"
      }
    }
  }
}
